
Microsoft Visual Studio Solution File, Format Version 12.00
# Visual Studio 2013
VisualStudioVersion = 12.0.21005.1
MinimumVisualStudioVersion = 10.0.40219.1
Project("{FAE04EC0-301F-11D3-BF4B-00C04F79EFBC}") = "AnungooODataService", "AnungooODataService\AnungooODataService.csproj", "{1A935194-D735-4C98-B30B-CFB0D910D350}"
EndProject
Project("{2150E333-8FDC-42A3-9474-1A3956D46DE8}") = ".nuget", ".nuget", "{4E91AEB7-4F51-4F40-982B-74BC35D4FCE8}"
	ProjectSection(SolutionItems) = preProject
		.nuget\NuGet.Config = .nuget\NuGet.Config
		.nuget\NuGet.exe = .nuget\NuGet.exe
		.nuget\NuGet.targets = .nuget\NuGet.targets
	EndProjectSection
EndProject
Global
	GlobalSection(SolutionConfigurationPlatforms) = preSolution
		Debug|Any CPU = Debug|Any CPU
		EasyTest|Any CPU = EasyTest|Any CPU
		Release|Any CPU = Release|Any CPU
	EndGlobalSection
	GlobalSection(ProjectConfigurationPlatforms) = postSolution
		{1A935194-D735-4C98-B30B-CFB0D910D350}.Debug|Any CPU.ActiveCfg = Debug|Any CPU
		{1A935194-D735-4C98-B30B-CFB0D910D350}.Debug|Any CPU.Build.0 = Debug|Any CPU
		{1A935194-D735-4C98-B30B-CFB0D910D350}.EasyTest|Any CPU.ActiveCfg = Release|Any CPU
		{1A935194-D735-4C98-B30B-CFB0D910D350}.EasyTest|Any CPU.Build.0 = Release|Any CPU
		{1A935194-D735-4C98-B30B-CFB0D910D350}.Release|Any CPU.ActiveCfg = Release|Any CPU
		{1A935194-D735-4C98-B30B-CFB0D910D350}.Release|Any CPU.Build.0 = Release|Any CPU
	EndGlobalSection
	GlobalSection(SolutionProperties) = preSolution
		HideSolutionNode = FALSE
	EndGlobalSection
EndGlobal
